{
    "_meta": {
        "hash": {
            "sha256": "5e47b9d123c57624888183c4d6f3d5212887e4bf47d02a5b2cd452cf3bbab160"
        },
        "pipfile-spec": 6,
        "requires": {
            "python_version": "3.12"
        },
        "sources": [
            {
                "name": "pypi",
                "url": "https://pypi.org/simple",
                "verify_ssl": true
            }
        ]
    },
    "default": {
        "pyotp": {
            "hashes": [
                "sha256:346b6642e0dbdde3b4ff5a930b664ca82abfa116356ed48cc42c7d6590d36f63",
                "sha256:81c2e5865b8ac55e825b0358e496e1d9387c811e85bb40e71a3b29b288963612"
            ],
            "index": "pypi",
            "markers": "python_version >= '3.7'",
            "version": "==2.9.0"
        },
        "pypng": {
            "hashes": [
                "sha256:4a43e969b8f5aaafb2a415536c1a8ec7e341cd6a3f957fd5b5f32a4cfeed902c",
                "sha256:739c433ba96f078315de54c0db975aee537cbc3e1d0ae4ed9aab0ca1e427e2c1"
            ],
            "version": "==0.20220715.0"
        },
        "qrcode": {
            "hashes": [
                "sha256:581dca7a029bcb2deef5d01068e39093e80ef00b4a61098a2182eac59d01643a",
                "sha256:9dd969454827e127dbd93696b20747239e6d540e082937c90f14ac95b30f5845"
            ],
            "index": "pypi",
            "markers": "python_version >= '3.7'",
            "version": "==7.4.2"
        },
        "typing-extensions": {
            "hashes": [
                "sha256:83f085bd5ca59c80295fc2a82ab5dac679cbe02b9f33f7d83af68e241bea51b0",
                "sha256:c1f94d72897edaf4ce775bb7558d5b79d8126906a14ea5ed1635921406c0387a"
            ],
            "markers": "python_version >= '3.8'",
            "version": "==4.11.0"
        }
    },
    "develop": {}
}
